
Microsoft Visual Studio Solution File, Format Version 12.00
# Visual Studio Version 17
VisualStudioVersion = 17.12.35506.116 d17.12
MinimumVisualStudioVersion = 10.0.40219.1
Project("{2150E333-8FDC-42A3-9474-1A3956D46DE8}") = "Services", "Services", "{81AD98C8-7EA5-4FCF-8C5C-6C391F1BB4FF}"
EndProject
Project("{FAE04EC0-301F-11D3-BF4B-00C04F79EFBC}") = "Mohtawa.Services.API", "Mohtawa.Services.API\Mohtawa.Services.API.csproj", "{5487A40D-7C9B-4E71-AEE4-508BF687C2D9}"
EndProject
Project("{FAE04EC0-301F-11D3-BF4B-00C04F79EFBC}") = "Mohtawa.Services.Domain", "Mohtawa.Services.Domain\Mohtawa.Services.Domain.csproj", "{E1B579BD-690F-46D3-B2A7-6B322C0D7C9F}"
EndProject
Project("{FAE04EC0-301F-11D3-BF4B-00C04F79EFBC}") = "Mohtawa.Services.Application", "Mohtawa.Services.Application\Mohtawa.Services.Application.csproj", "{DB0EE358-3AFD-4098-9869-356708DCD649}"
EndProject
Project("{FAE04EC0-301F-11D3-BF4B-00C04F79EFBC}") = "Mohtawa.Services.Infrastructure", "Mohtawa.Services.Infrastructure\Mohtawa.Services.Infrastructure.csproj", "{028894E0-32E8-489D-8FAF-2783CAA88548}"
EndProject
Global
	GlobalSection(SolutionConfigurationPlatforms) = preSolution
		Debug|Any CPU = Debug|Any CPU
		Release|Any CPU = Release|Any CPU
	EndGlobalSection
	GlobalSection(ProjectConfigurationPlatforms) = postSolution
		{5487A40D-7C9B-4E71-AEE4-508BF687C2D9}.Debug|Any CPU.ActiveCfg = Debug|Any CPU
		{5487A40D-7C9B-4E71-AEE4-508BF687C2D9}.Debug|Any CPU.Build.0 = Debug|Any CPU
		{5487A40D-7C9B-4E71-AEE4-508BF687C2D9}.Release|Any CPU.ActiveCfg = Release|Any CPU
		{5487A40D-7C9B-4E71-AEE4-508BF687C2D9}.Release|Any CPU.Build.0 = Release|Any CPU
		{E1B579BD-690F-46D3-B2A7-6B322C0D7C9F}.Debug|Any CPU.ActiveCfg = Debug|Any CPU
		{E1B579BD-690F-46D3-B2A7-6B322C0D7C9F}.Debug|Any CPU.Build.0 = Debug|Any CPU
		{E1B579BD-690F-46D3-B2A7-6B322C0D7C9F}.Release|Any CPU.ActiveCfg = Release|Any CPU
		{E1B579BD-690F-46D3-B2A7-6B322C0D7C9F}.Release|Any CPU.Build.0 = Release|Any CPU
		{DB0EE358-3AFD-4098-9869-356708DCD649}.Debug|Any CPU.ActiveCfg = Debug|Any CPU
		{DB0EE358-3AFD-4098-9869-356708DCD649}.Debug|Any CPU.Build.0 = Debug|Any CPU
		{DB0EE358-3AFD-4098-9869-356708DCD649}.Release|Any CPU.ActiveCfg = Release|Any CPU
		{DB0EE358-3AFD-4098-9869-356708DCD649}.Release|Any CPU.Build.0 = Release|Any CPU
		{028894E0-32E8-489D-8FAF-2783CAA88548}.Debug|Any CPU.ActiveCfg = Debug|Any CPU
		{028894E0-32E8-489D-8FAF-2783CAA88548}.Debug|Any CPU.Build.0 = Debug|Any CPU
		{028894E0-32E8-489D-8FAF-2783CAA88548}.Release|Any CPU.ActiveCfg = Release|Any CPU
		{028894E0-32E8-489D-8FAF-2783CAA88548}.Release|Any CPU.Build.0 = Release|Any CPU
	EndGlobalSection
	GlobalSection(SolutionProperties) = preSolution
		HideSolutionNode = FALSE
	EndGlobalSection
	GlobalSection(NestedProjects) = preSolution
		{5487A40D-7C9B-4E71-AEE4-508BF687C2D9} = {81AD98C8-7EA5-4FCF-8C5C-6C391F1BB4FF}
		{E1B579BD-690F-46D3-B2A7-6B322C0D7C9F} = {81AD98C8-7EA5-4FCF-8C5C-6C391F1BB4FF}
		{DB0EE358-3AFD-4098-9869-356708DCD649} = {81AD98C8-7EA5-4FCF-8C5C-6C391F1BB4FF}
		{028894E0-32E8-489D-8FAF-2783CAA88548} = {81AD98C8-7EA5-4FCF-8C5C-6C391F1BB4FF}
	EndGlobalSection
EndGlobal
